
Microsoft Visual Studio Solution File, Format Version 12.00
# Visual Studio 14
VisualStudioVersion = 14.0.25420.1
MinimumVisualStudioVersion = 10.0.40219.1
Project("{2150E333-8FDC-42A3-9474-1A3956D46DE8}") = "test", "test", "{092391D1-2D1B-48EC-847A-199B0EF4C055}"
EndProject
Project("{2150E333-8FDC-42A3-9474-1A3956D46DE8}") = "FunctionalTest", "FunctionalTest", "{651099EC-7064-4B0A-8D4E-1B37FE9FC80A}"
EndProject
Project("{FAE04EC0-301F-11D3-BF4B-00C04F79EFBC}") = "OnlineServices.FunctionalTest", "test\FunctionalTest\OnlineServices.FunctionalTest\OnlineServices.FunctionalTest.csproj", "{05D6F30E-37B7-45F2-BB08-A034B4ED337E}"
EndProject
Global
	GlobalSection(SolutionConfigurationPlatforms) = preSolution
		Debug|Any CPU = Debug|Any CPU
		Release|Any CPU = Release|Any CPU
	EndGlobalSection
	GlobalSection(ProjectConfigurationPlatforms) = postSolution
		{05D6F30E-37B7-45F2-BB08-A034B4ED337E}.Debug|Any CPU.ActiveCfg = Debug|Any CPU
		{05D6F30E-37B7-45F2-BB08-A034B4ED337E}.Debug|Any CPU.Build.0 = Debug|Any CPU
		{05D6F30E-37B7-45F2-BB08-A034B4ED337E}.Release|Any CPU.ActiveCfg = Release|Any CPU
		{05D6F30E-37B7-45F2-BB08-A034B4ED337E}.Release|Any CPU.Build.0 = Release|Any CPU
	EndGlobalSection
	GlobalSection(SolutionProperties) = preSolution
		HideSolutionNode = FALSE
	EndGlobalSection
	GlobalSection(NestedProjects) = preSolution
		{651099EC-7064-4B0A-8D4E-1B37FE9FC80A} = {092391D1-2D1B-48EC-847A-199B0EF4C055}
		{05D6F30E-37B7-45F2-BB08-A034B4ED337E} = {651099EC-7064-4B0A-8D4E-1B37FE9FC80A}
	EndGlobalSection
	GlobalSection(TeamFoundationVersionControl) = preSolution
		SccNumberOfProjects = 2
		SccEnterpriseProvider = {4CA58AB2-18FA-4F8D-95D4-32DDF27D184C}
		SccTeamFoundationServer = http://10.32.20.87:8080/tfs/defaultcollection
		SccLocalPath0 = .
		SccProjectUniqueName1 = test\\FunctionalTest\\OnlineServices.FunctionalTest\\OnlineServices.FunctionalTest.csproj
		SccProjectTopLevelParentUniqueName1 = OnlineServices.sln
		SccProjectName1 = test/FunctionalTest/OnlineServices.FunctionalTest
		SccLocalPath1 = test\\FunctionalTest\\OnlineServices.FunctionalTest
	EndGlobalSection
EndGlobal
